
Microsoft Visual Studio Solution File, Format Version 11.00
# Visual Studio 2010
Project("{8BC9CEB8-8B4A-11D0-8D11-00A0C91BC942}") = "line_arr", "line_arr\line_arr.vcxproj", "{1360C21F-0082-4159-957F-6699BD14F81C}"
EndProject
Global
	GlobalSection(SolutionConfigurationPlatforms) = preSolution
		Debug|Win32 = Debug|Win32
		Release|Win32 = Release|Win32
	EndGlobalSection
	GlobalSection(ProjectConfigurationPlatforms) = postSolution
		{1360C21F-0082-4159-957F-6699BD14F81C}.Debug|Win32.ActiveCfg = Debug|Win32
		{1360C21F-0082-4159-957F-6699BD14F81C}.Debug|Win32.Build.0 = Debug|Win32
		{1360C21F-0082-4159-957F-6699BD14F81C}.Release|Win32.ActiveCfg = Release|Win32
		{1360C21F-0082-4159-957F-6699BD14F81C}.Release|Win32.Build.0 = Release|Win32
	EndGlobalSection
	GlobalSection(SolutionProperties) = preSolution
		HideSolutionNode = FALSE
	EndGlobalSection
EndGlobal
